
Microsoft Visual Studio Solution File, Format Version 11.00
# Visual Studio 2010
Project("{8BC9CEB8-8B4A-11D0-8D11-00A0C91BC942}") = "二叉树", "常用数据结构实现\常用数据结构实现.vcxproj", "{B2AB8D7F-72FE-46A9-B363-2CB68D9F7BD1}"
EndProject
Project("{8BC9CEB8-8B4A-11D0-8D11-00A0C91BC942}") = "二叉树遍历", "二叉树遍历\二叉树遍历.vcxproj", "{31786545-0626-4E1F-A167-49E171A173A9}"
EndProject
Project("{8BC9CEB8-8B4A-11D0-8D11-00A0C91BC942}") = "哈夫曼树", "哈夫曼树\哈夫曼树.vcxproj", "{E285DD6C-60DB-4653-A298-B4F84BBE924D}"
EndProject
Project("{8BC9CEB8-8B4A-11D0-8D11-00A0C91BC942}") = "图", "图\图.vcxproj", "{5808A7C0-CC52-48AA-9800-90B618846AEF}"
EndProject
Project("{8BC9CEB8-8B4A-11D0-8D11-00A0C91BC942}") = "图_邻接链表", "图_邻接链表\图_邻接链表.vcxproj", "{42F0EF25-B518-48B3-8700-2267921BB2E8}"
EndProject
Project("{8BC9CEB8-8B4A-11D0-8D11-00A0C91BC942}") = "图_邻接矩阵_遍历", "图_邻接矩阵_遍历\图_邻接矩阵_遍历.vcxproj", "{F8CBD207-96BF-4468-B63D-B615A5674DA2}"
EndProject
Project("{8BC9CEB8-8B4A-11D0-8D11-00A0C91BC942}") = "图的最小生成树", "图的最小生成树\图的最小生成树.vcxproj", "{F7F63A8A-A31A-46CE-B4F8-12066B264A45}"
EndProject
Project("{8BC9CEB8-8B4A-11D0-8D11-00A0C91BC942}") = "最短路径--狄克斯特拉", "最短路径--狄克斯特拉\最短路径--狄克斯特拉.vcxproj", "{FB45F45C-9B73-4665-BD9E-725B6E2049CE}"
EndProject
Project("{8BC9CEB8-8B4A-11D0-8D11-00A0C91BC942}") = "最短路径之弗洛伊德算法", "最短路径之弗洛伊德算法\最短路径之弗洛伊德算法.vcxproj", "{9F4F8BB9-07F8-45D8-9907-AEE889827A4A}"
EndProject
Project("{8BC9CEB8-8B4A-11D0-8D11-00A0C91BC942}") = "直接插入排序", "直接插入排序\直接插入排序.vcxproj", "{9F1B7D4C-84D3-4754-BCB8-EDABCB7CA4E3}"
EndProject
Project("{8BC9CEB8-8B4A-11D0-8D11-00A0C91BC942}") = "希尔排序", "希尔排序\希尔排序.vcxproj", "{8DE61A03-C34B-487E-A54B-9D43F2358FC5}"
EndProject
Project("{8BC9CEB8-8B4A-11D0-8D11-00A0C91BC942}") = "直接选择排序", "直接选择排序\直接选择排序.vcxproj", "{04C1D313-19AA-426E-993F-ED7F3059CFFE}"
EndProject
Project("{8BC9CEB8-8B4A-11D0-8D11-00A0C91BC942}") = "堆排序", "堆排序\堆排序.vcxproj", "{47ADB2C2-4889-4667-9F07-81E53F8FFE4D}"
EndProject
Project("{8BC9CEB8-8B4A-11D0-8D11-00A0C91BC942}") = "交换排之值冒泡排序", "交换排之值冒泡排序\交换排之值冒泡排序.vcxproj", "{2B85E675-3E00-4FC5-B4A0-9030B09E91A2}"
EndProject
Project("{8BC9CEB8-8B4A-11D0-8D11-00A0C91BC942}") = "交换排序之快速排序", "交换排序之快速排序\交换排序之快速排序.vcxproj", "{134F7FB8-8D79-4C0D-ABDE-FFDDEE05C5E9}"
EndProject
Project("{8BC9CEB8-8B4A-11D0-8D11-00A0C91BC942}") = "归并排序", "归并排序\归并排序.vcxproj", "{96B1B38D-AA10-4E30-8F1B-D813BCCB8EFF}"
EndProject
Project("{8BC9CEB8-8B4A-11D0-8D11-00A0C91BC942}") = "基数排序", "基数排序\基数排序.vcxproj", "{CC236A6C-B858-4B6F-88FF-E0D3CDD7EE64}"
EndProject
Global
	GlobalSection(SolutionConfigurationPlatforms) = preSolution
		Debug|Win32 = Debug|Win32
		Release|Win32 = Release|Win32
	EndGlobalSection
	GlobalSection(ProjectConfigurationPlatforms) = postSolution
		{B2AB8D7F-72FE-46A9-B363-2CB68D9F7BD1}.Debug|Win32.ActiveCfg = Debug|Win32
		{B2AB8D7F-72FE-46A9-B363-2CB68D9F7BD1}.Debug|Win32.Build.0 = Debug|Win32
		{B2AB8D7F-72FE-46A9-B363-2CB68D9F7BD1}.Release|Win32.ActiveCfg = Release|Win32
		{B2AB8D7F-72FE-46A9-B363-2CB68D9F7BD1}.Release|Win32.Build.0 = Release|Win32
		{31786545-0626-4E1F-A167-49E171A173A9}.Debug|Win32.ActiveCfg = Debug|Win32
		{31786545-0626-4E1F-A167-49E171A173A9}.Debug|Win32.Build.0 = Debug|Win32
		{31786545-0626-4E1F-A167-49E171A173A9}.Release|Win32.ActiveCfg = Release|Win32
		{31786545-0626-4E1F-A167-49E171A173A9}.Release|Win32.Build.0 = Release|Win32
		{E285DD6C-60DB-4653-A298-B4F84BBE924D}.Debug|Win32.ActiveCfg = Debug|Win32
		{E285DD6C-60DB-4653-A298-B4F84BBE924D}.Debug|Win32.Build.0 = Debug|Win32
		{E285DD6C-60DB-4653-A298-B4F84BBE924D}.Release|Win32.ActiveCfg = Release|Win32
		{E285DD6C-60DB-4653-A298-B4F84BBE924D}.Release|Win32.Build.0 = Release|Win32
		{5808A7C0-CC52-48AA-9800-90B618846AEF}.Debug|Win32.ActiveCfg = Debug|Win32
		{5808A7C0-CC52-48AA-9800-90B618846AEF}.Debug|Win32.Build.0 = Debug|Win32
		{5808A7C0-CC52-48AA-9800-90B618846AEF}.Release|Win32.ActiveCfg = Release|Win32
		{5808A7C0-CC52-48AA-9800-90B618846AEF}.Release|Win32.Build.0 = Release|Win32
		{42F0EF25-B518-48B3-8700-2267921BB2E8}.Debug|Win32.ActiveCfg = Debug|Win32
		{42F0EF25-B518-48B3-8700-2267921BB2E8}.Debug|Win32.Build.0 = Debug|Win32
		{42F0EF25-B518-48B3-8700-2267921BB2E8}.Release|Win32.ActiveCfg = Release|Win32
		{42F0EF25-B518-48B3-8700-2267921BB2E8}.Release|Win32.Build.0 = Release|Win32
		{F8CBD207-96BF-4468-B63D-B615A5674DA2}.Debug|Win32.ActiveCfg = Debug|Win32
		{F8CBD207-96BF-4468-B63D-B615A5674DA2}.Debug|Win32.Build.0 = Debug|Win32
		{F8CBD207-96BF-4468-B63D-B615A5674DA2}.Release|Win32.ActiveCfg = Release|Win32
		{F8CBD207-96BF-4468-B63D-B615A5674DA2}.Release|Win32.Build.0 = Release|Win32
		{F7F63A8A-A31A-46CE-B4F8-12066B264A45}.Debug|Win32.ActiveCfg = Debug|Win32
		{F7F63A8A-A31A-46CE-B4F8-12066B264A45}.Debug|Win32.Build.0 = Debug|Win32
		{F7F63A8A-A31A-46CE-B4F8-12066B264A45}.Release|Win32.ActiveCfg = Release|Win32
		{F7F63A8A-A31A-46CE-B4F8-12066B264A45}.Release|Win32.Build.0 = Release|Win32
		{FB45F45C-9B73-4665-BD9E-725B6E2049CE}.Debug|Win32.ActiveCfg = Debug|Win32
		{FB45F45C-9B73-4665-BD9E-725B6E2049CE}.Debug|Win32.Build.0 = Debug|Win32
		{FB45F45C-9B73-4665-BD9E-725B6E2049CE}.Release|Win32.ActiveCfg = Release|Win32
		{FB45F45C-9B73-4665-BD9E-725B6E2049CE}.Release|Win32.Build.0 = Release|Win32
		{9F4F8BB9-07F8-45D8-9907-AEE889827A4A}.Debug|Win32.ActiveCfg = Debug|Win32
		{9F4F8BB9-07F8-45D8-9907-AEE889827A4A}.Debug|Win32.Build.0 = Debug|Win32
		{9F4F8BB9-07F8-45D8-9907-AEE889827A4A}.Release|Win32.ActiveCfg = Release|Win32
		{9F4F8BB9-07F8-45D8-9907-AEE889827A4A}.Release|Win32.Build.0 = Release|Win32
		{9F1B7D4C-84D3-4754-BCB8-EDABCB7CA4E3}.Debug|Win32.ActiveCfg = Debug|Win32
		{9F1B7D4C-84D3-4754-BCB8-EDABCB7CA4E3}.Debug|Win32.Build.0 = Debug|Win32
		{9F1B7D4C-84D3-4754-BCB8-EDABCB7CA4E3}.Release|Win32.ActiveCfg = Release|Win32
		{9F1B7D4C-84D3-4754-BCB8-EDABCB7CA4E3}.Release|Win32.Build.0 = Release|Win32
		{8DE61A03-C34B-487E-A54B-9D43F2358FC5}.Debug|Win32.ActiveCfg = Debug|Win32
		{8DE61A03-C34B-487E-A54B-9D43F2358FC5}.Debug|Win32.Build.0 = Debug|Win32
		{8DE61A03-C34B-487E-A54B-9D43F2358FC5}.Release|Win32.ActiveCfg = Release|Win32
		{8DE61A03-C34B-487E-A54B-9D43F2358FC5}.Release|Win32.Build.0 = Release|Win32
		{04C1D313-19AA-426E-993F-ED7F3059CFFE}.Debug|Win32.ActiveCfg = Debug|Win32
		{04C1D313-19AA-426E-993F-ED7F3059CFFE}.Debug|Win32.Build.0 = Debug|Win32
		{04C1D313-19AA-426E-993F-ED7F3059CFFE}.Release|Win32.ActiveCfg = Release|Win32
		{04C1D313-19AA-426E-993F-ED7F3059CFFE}.Release|Win32.Build.0 = Release|Win32
		{47ADB2C2-4889-4667-9F07-81E53F8FFE4D}.Debug|Win32.ActiveCfg = Debug|Win32
		{47ADB2C2-4889-4667-9F07-81E53F8FFE4D}.Debug|Win32.Build.0 = Debug|Win32
		{47ADB2C2-4889-4667-9F07-81E53F8FFE4D}.Release|Win32.ActiveCfg = Release|Win32
		{47ADB2C2-4889-4667-9F07-81E53F8FFE4D}.Release|Win32.Build.0 = Release|Win32
		{2B85E675-3E00-4FC5-B4A0-9030B09E91A2}.Debug|Win32.ActiveCfg = Debug|Win32
		{2B85E675-3E00-4FC5-B4A0-9030B09E91A2}.Debug|Win32.Build.0 = Debug|Win32
		{2B85E675-3E00-4FC5-B4A0-9030B09E91A2}.Release|Win32.ActiveCfg = Release|Win32
		{2B85E675-3E00-4FC5-B4A0-9030B09E91A2}.Release|Win32.Build.0 = Release|Win32
		{134F7FB8-8D79-4C0D-ABDE-FFDDEE05C5E9}.Debug|Win32.ActiveCfg = Debug|Win32
		{134F7FB8-8D79-4C0D-ABDE-FFDDEE05C5E9}.Debug|Win32.Build.0 = Debug|Win32
		{134F7FB8-8D79-4C0D-ABDE-FFDDEE05C5E9}.Release|Win32.ActiveCfg = Release|Win32
		{134F7FB8-8D79-4C0D-ABDE-FFDDEE05C5E9}.Release|Win32.Build.0 = Release|Win32
		{96B1B38D-AA10-4E30-8F1B-D813BCCB8EFF}.Debug|Win32.ActiveCfg = Debug|Win32
		{96B1B38D-AA10-4E30-8F1B-D813BCCB8EFF}.Debug|Win32.Build.0 = Debug|Win32
		{96B1B38D-AA10-4E30-8F1B-D813BCCB8EFF}.Release|Win32.ActiveCfg = Release|Win32
		{96B1B38D-AA10-4E30-8F1B-D813BCCB8EFF}.Release|Win32.Build.0 = Release|Win32
		{CC236A6C-B858-4B6F-88FF-E0D3CDD7EE64}.Debug|Win32.ActiveCfg = Debug|Win32
		{CC236A6C-B858-4B6F-88FF-E0D3CDD7EE64}.Debug|Win32.Build.0 = Debug|Win32
		{CC236A6C-B858-4B6F-88FF-E0D3CDD7EE64}.Release|Win32.ActiveCfg = Release|Win32
		{CC236A6C-B858-4B6F-88FF-E0D3CDD7EE64}.Release|Win32.Build.0 = Release|Win32
	EndGlobalSection
	GlobalSection(SolutionProperties) = preSolution
		HideSolutionNode = FALSE
	EndGlobalSection
EndGlobal
